// !$*UTF8*$!
{
	archiveVersion = 1;
	classes = {
	};
	objectVersion = 46;
	objects = {

/* Begin PBXBuildFile section */
		814E8DC41AFBDAD700E7A716 /* Main.storyboard in Resources */ = {isa = PBXBuildFile; fileRef = 814E8DC21AFBDAD700E7A716 /* Main.storyboard */; };
		81D4A8851AFBC9FE003E93A5 /* AppDelegate.swift in Sources */ = {isa = PBXBuildFile; fileRef = 81D4A8841AFBC9FE003E93A5 /* AppDelegate.swift */; };
		81D4A8871AFBC9FE003E93A5 /* PlayViewController.swift in Sources */ = {isa = PBXBuildFile; fileRef = 81D4A8861AFBC9FE003E93A5 /* PlayViewController.swift */; };
		81D4A88C1AFBC9FE003E93A5 /* Images.xcassets in Resources */ = {isa = PBXBuildFile; fileRef = 81D4A88B1AFBC9FE003E93A5 /* Images.xcassets */; };
		81D4A88F1AFBC9FE003E93A5 /* LaunchScreen.xib in Resources */ = {isa = PBXBuildFile; fileRef = 81D4A88D1AFBC9FE003E93A5 /* LaunchScreen.xib */; };
		81D4A89B1AFBC9FE003E93A5 /* RoshamboTests.swift in Sources */ = {isa = PBXBuildFile; fileRef = 81D4A89A1AFBC9FE003E93A5 /* RoshamboTests.swift */; };
		81D4A8A51AFBCA1A003E93A5 /* ResultsViewController.swift in Sources */ = {isa = PBXBuildFile; fileRef = 81D4A8A41AFBCA1A003E93A5 /* ResultsViewController.swift */; };
/* End PBXBuildFile section */

/* Begin PBXContainerItemProxy section */
		81D4A8951AFBC9FE003E93A5 /* PBXContainerItemProxy */ = {
			isa = PBXContainerItemProxy;
			containerPortal = 81D4A8771AFBC9FE003E93A5 /* Project object */;
			proxyType = 1;
			remoteGlobalIDString = 81D4A87E1AFBC9FE003E93A5;
			remoteInfo = Roshambo;
		};
/* End PBXContainerItemProxy section */

/* Begin PBXFileReference section */
		814E8DC31AFBDAD700E7A716 /* Base */ = {isa = PBXFileReference; lastKnownFileType = file.storyboard; name = Base; path = Base.lproj/Main.storyboard; sourceTree = "<group>"; };
		81D4A87F1AFBC9FE003E93A5 /* Roshambo.app */ = {isa = PBXFileReference; explicitFileType = wrapper.application; includeInIndex = 0; path = Roshambo.app; sourceTree = BUILT_PRODUCTS_DIR; };
		81D4A8831AFBC9FE003E93A5 /* Info.plist */ = {isa = PBXFileReference; lastKnownFileType = text.plist.xml; path = Info.plist; sourceTree = "<group>"; };
		81D4A8841AFBC9FE003E93A5 /* AppDelegate.swift */ = {isa = PBXFileReference; lastKnownFileType = sourcecode.swift; path = AppDelegate.swift; sourceTree = "<group>"; };
		81D4A8861AFBC9FE003E93A5 /* PlayViewController.swift */ = {isa = PBXFileReference; lastKnownFileType = sourcecode.swift; path = PlayViewController.swift; sourceTree = "<group>"; };
		81D4A88B1AFBC9FE003E93A5 /* Images.xcassets */ = {isa = PBXFileReference; lastKnownFileType = folder.assetcatalog; path = Images.xcassets; sourceTree = "<group>"; };
		81D4A88E1AFBC9FE003E93A5 /* Base */ = {isa = PBXFileReference; lastKnownFileType = file.xib; name = Base; path = Base.lproj/LaunchScreen.xib; sourceTree = "<group>"; };
		81D4A8941AFBC9FE003E93A5 /* RoshamboTests.xctest */ = {isa = PBXFileReference; explicitFileType = wrapper.cfbundle; includeInIndex = 0; path = RoshamboTests.xctest; sourceTree = BUILT_PRODUCTS_DIR; };
		81D4A8991AFBC9FE003E93A5 /* Info.plist */ = {isa = PBXFileReference; lastKnownFileType = text.plist.xml; path = Info.plist; sourceTree = "<group>"; };
		81D4A89A1AFBC9FE003E93A5 /* RoshamboTests.swift */ = {isa = PBXFileReference; lastKnownFileType = sourcecode.swift; path = RoshamboTests.swift; sourceTree = "<group>"; };
		81D4A8A41AFBCA1A003E93A5 /* ResultsViewController.swift */ = {isa = PBXFileReference; fileEncoding = 4; lastKnownFileType = sourcecode.swift; path = ResultsViewController.swift; sourceTree = "<group>"; };
/* End PBXFileReference section */

/* Begin PBXFrameworksBuildPhase section */
		81D4A87C1AFBC9FE003E93A5 /* Frameworks */ = {
			isa = PBXFrameworksBuildPhase;
			buildActionMask = 2147483647;
			files = (
			);
			runOnlyForDeploymentPostprocessing = 0;
		};
		81D4A8911AFBC9FE003E93A5 /* Frameworks */ = {
			isa = PBXFrameworksBuildPhase;
			buildActionMask = 2147483647;
			files = (
			);
			runOnlyForDeploymentPostprocessing = 0;
		};
/* End PBXFrameworksBuildPhase section */

/* Begin PBXGroup section */
		81D4A8761AFBC9FE003E93A5 = {
			isa = PBXGroup;
			children = (
				81D4A8811AFBC9FE003E93A5 /* Roshambo */,
				81D4A8971AFBC9FE003E93A5 /* RoshamboTests */,
				81D4A8801AFBC9FE003E93A5 /* Products */,
			);
			sourceTree = "<group>";
		};
		81D4A8801AFBC9FE003E93A5 /* Products */ = {
			isa = PBXGroup;
			children = (
				81D4A87F1AFBC9FE003E93A5 /* Roshambo.app */,
				81D4A8941AFBC9FE003E93A5 /* RoshamboTests.xctest */,
			);
			name = Products;
			sourceTree = "<group>";
		};
		81D4A8811AFBC9FE003E93A5 /* Roshambo */ = {
			isa = PBXGroup;
			children = (
				81D4A8841AFBC9FE003E93A5 /* AppDelegate.swift */,
				81D4A8861AFBC9FE003E93A5 /* PlayViewController.swift */,
				81D4A8A41AFBCA1A003E93A5 /* ResultsViewController.swift */,
				814E8DC21AFBDAD700E7A716 /* Main.storyboard */,
				81D4A88B1AFBC9FE003E93A5 /* Images.xcassets */,
				81D4A88D1AFBC9FE003E93A5 /* LaunchScreen.xib */,
				81D4A8821AFBC9FE003E93A5 /* Supporting Files */,
			);
			path = Roshambo;
			sourceTree = "<group>";
		};
		81D4A8821AFBC9FE003E93A5 /* Supporting Files */ = {
			isa = PBXGroup;
			children = (
				81D4A8831AFBC9FE003E93A5 /* Info.plist */,
			);
			name = "Supporting Files";
			sourceTree = "<group>";
		};
		81D4A8971AFBC9FE003E93A5 /* RoshamboTests */ = {
			isa = PBXGroup;
			children = (
				81D4A89A1AFBC9FE003E93A5 /* RoshamboTests.swift */,
				81D4A8981AFBC9FE003E93A5 /* Supporting Files */,
			);
			path = RoshamboTests;
			sourceTree = "<group>";
		};
		81D4A8981AFBC9FE003E93A5 /* Supporting Files */ = {
			isa = PBXGroup;
			children = (
				81D4A8991AFBC9FE003E93A5 /* Info.plist */,
			);
			name = "Supporting Files";
			sourceTree = "<group>";
		};
/* End PBXGroup section */

/* Begin PBXNativeTarget section */
		81D4A87E1AFBC9FE003E93A5 /* Roshambo */ = {
			isa = PBXNativeTarget;
			buildConfigurationList = 81D4A89E1AFBC9FE003E93A5 /* Build configuration list for PBXNativeTarget "Roshambo" */;
			buildPhases = (
				81D4A87B1AFBC9FE003E93A5 /* Sources */,
				81D4A87C1AFBC9FE003E93A5 /* Frameworks */,
				81D4A87D1AFBC9FE003E93A5 /* Resources */,
			);
			buildRules = (
			);
			dependencies = (
			);
			name = Roshambo;
			productName = Roshambo;
			productReference = 81D4A87F1AFBC9FE003E93A5 /* Roshambo.app */;
			productType = "com.apple.product-type.application";
		};
		81D4A8931AFBC9FE003E93A5 /* RoshamboTests */ = {
			isa = PBXNativeTarget;
			buildConfigurationList = 81D4A8A11AFBC9FE003E93A5 /* Build configuration list for PBXNativeTarget "RoshamboTests" */;
			buildPhases = (
				81D4A8901AFBC9FE003E93A5 /* Sources */,
				81D4A8911AFBC9FE003E93A5 /* Frameworks */,
				81D4A8921AFBC9FE003E93A5 /* Resources */,
			);
			buildRules = (
			);
			dependencies = (
				81D4A8961AFBC9FE003E93A5 /* PBXTargetDependency */,
			);
			name = RoshamboTests;
			productName = RoshamboTests;
			productReference = 81D4A8941AFBC9FE003E93A5 /* RoshamboTests.xctest */;
			productType = "com.apple.product-type.bundle.unit-test";
		};
/* End PBXNativeTarget section */

/* Begin PBXProject section */
		81D4A8771AFBC9FE003E93A5 /* Project object */ = {
			isa = PBXProject;
			attributes = {
				LastUpgradeCheck = 0630;
				ORGANIZATIONNAME = "Dangerous Design LLC";
				TargetAttributes = {
					81D4A87E1AFBC9FE003E93A5 = {
						CreatedOnToolsVersion = 6.3.1;
					};
					81D4A8931AFBC9FE003E93A5 = {
						CreatedOnToolsVersion = 6.3.1;
						TestTargetID = 81D4A87E1AFBC9FE003E93A5;
					};
				};
			};
			buildConfigurationList = 81D4A87A1AFBC9FE003E93A5 /* Build configuration list for PBXProject "Roshambo" */;
			compatibilityVersion = "Xcode 3.2";
			developmentRegion = English;
			hasScannedForEncodings = 0;
			knownRegions = (
				en,
				Base,
			);
			mainGroup = 81D4A8761AFBC9FE003E93A5;
			productRefGroup = 81D4A8801AFBC9FE003E93A5 /* Products */;
			projectDirPath = "";
			projectRoot = "";
			targets = (
				81D4A87E1AFBC9FE003E93A5 /* Roshambo */,
				81D4A8931AFBC9FE003E93A5 /* RoshamboTests */,
			);
		};
/* End PBXProject section */

/* Begin PBXResourcesBuildPhase section */
		81D4A87D1AFBC9FE003E93A5 /* Resources */ = {
			isa = PBXResourcesBuildPhase;
			buildActionMask = 2147483647;
			files = (
				814E8DC41AFBDAD700E7A716 /* Main.storyboard in Resources */,
				81D4A88F1AFBC9FE003E93A5 /* LaunchScreen.xib in Resources */,
				81D4A88C1AFBC9FE003E93A5 /* Images.xcassets in Resources */,
			);
			runOnlyForDeploymentPostprocessing = 0;
		};
		81D4A8921AFBC9FE003E93A5 /* Resources */ = {
			isa = PBXResourcesBuildPhase;
			buildActionMask = 2147483647;
			files = (
			);
			runOnlyForDeploymentPostprocessing = 0;
		};
/* End PBXResourcesBuildPhase section */

/* Begin PBXSourcesBuildPhase section */
		81D4A87B1AFBC9FE003E93A5 /* Sources */ = {
			isa = PBXSourcesBuildPhase;
			buildActionMask = 2147483647;
			files = (
				81D4A8871AFBC9FE003E93A5 /* PlayViewController.swift in Sources */,
				81D4A8851AFBC9FE003E93A5 /* AppDelegate.swift in Sources */,
				81D4A8A51AFBCA1A003E93A5 /* ResultsViewController.swift in Sources */,
			);
			runOnlyForDeploymentPostprocessing = 0;
		};
		81D4A8901AFBC9FE003E93A5 /* Sources */ = {
			isa = PBXSourcesBuildPhase;
			buildActionMask = 2147483647;
			files = (
				81D4A89B1AFBC9FE003E93A5 /* RoshamboTests.swift in Sources */,
			);
			runOnlyForDeploymentPostprocessing = 0;
		};
/* End PBXSourcesBuildPhase section */

/* Begin PBXTargetDependency section */
		81D4A8961AFBC9FE003E93A5 /* PBXTargetDependency */ = {
			isa = PBXTargetDependency;
			target = 81D4A87E1AFBC9FE003E93A5 /* Roshambo */;
			targetProxy = 81D4A8951AFBC9FE003E93A5 /* PBXContainerItemProxy */;
		};
/* End PBXTargetDependency section */

/* Begin PBXVariantGroup section */
		814E8DC21AFBDAD700E7A716 /* Main.storyboard */ = {
			isa = PBXVariantGroup;
			children = (
				814E8DC31AFBDAD700E7A716 /* Base */,
			);
			name = Main.storyboard;
			sourceTree = "<group>";
		};
		81D4A88D1AFBC9FE003E93A5 /* LaunchScreen.xib */ = {
			isa = PBXVariantGroup;
			children = (
				81D4A88E1AFBC9FE003E93A5 /* Base */,
			);
			name = LaunchScreen.xib;
			sourceTree = "<group>";
		};
/* End PBXVariantGroup section */

/* Begin XCBuildConfiguration section */
		81D4A89C1AFBC9FE003E93A5 /* Debug */ = {
			isa = XCBuildConfiguration;
			buildSettings = {
				ALWAYS_SEARCH_USER_PATHS = NO;
				CLANG_CXX_LANGUAGE_STANDARD = "gnu++0x";
				CLANG_CXX_LIBRARY = "libc++";
				CLANG_ENABLE_MODULES = YES;
				CLANG_ENABLE_OBJC_ARC = YES;
				CLANG_WARN_BOOL_CONVERSION = YES;
				CLANG_WARN_CONSTANT_CONVERSION = YES;
				CLANG_WARN_DIRECT_OBJC_ISA_USAGE = YES_ERROR;
				CLANG_WARN_EMPTY_BODY = YES;
				CLANG_WARN_ENUM_CONVERSION = YES;
				CLANG_WARN_INT_CONVERSION = YES;
				CLANG_WARN_OBJC_ROOT_CLASS = YES_ERROR;
				CLANG_WARN_UNREACHABLE_CODE = YES;
				CLANG_WARN__DUPLICATE_METHOD_MATCH = YES;
				"CODE_SIGN_IDENTITY[sdk=iphoneos*]" = "iPhone Developer";
				COPY_PHASE_STRIP = NO;
				DEBUG_INFORMATION_FORMAT = "dwarf-with-dsym";
				ENABLE_STRICT_OBJC_MSGSEND = YES;
				GCC_C_LANGUAGE_STANDARD = gnu99;
				GCC_DYNAMIC_NO_PIC = NO;
				GCC_NO_COMMON_BLOCKS = YES;
				GCC_OPTIMIZATION_LEVEL = 0;
				GCC_PREPROCESSOR_DEFINITIONS = (
					"DEBUG=1",
					"$(inherited)",
				);
				GCC_SYMBOLS_PRIVATE_EXTERN = NO;
				GCC_WARN_64_TO_32_BIT_CONVERSION = YES;
				GCC_WARN_ABOUT_RETURN_TYPE = YES_ERROR;
				GCC_WARN_UNDECLARED_SELECTOR = YES;
				GCC_WARN_UNINITIALIZED_AUTOS = YES_AGGRESSIVE;
				GCC_WARN_UNUSED_FUNCTION = YES;
				GCC_WARN_UNUSED_VARIABLE = YES;
				IPHONEOS_DEPLOYMENT_TARGET = 8.3;
				MTL_ENABLE_DEBUG_INFO = YES;
				ONLY_ACTIVE_ARCH = YES;
				SDKROOT = iphoneos;
				SWIFT_OPTIMIZATION_LEVEL = "-Onone";
				TARGETED_DEVICE_FAMILY = "1,2";
			};
			name = Debug;
		};
		81D4A89D1AFBC9FE003E93A5 /* Release */ = {
			isa = XCBuildConfiguration;
			buildSettings = {
				ALWAYS_SEARCH_USER_PATHS = NO;
				CLANG_CXX_LANGUAGE_STANDARD = "gnu++0x";
				CLANG_CXX_LIBRARY = "libc++";
				CLANG_ENABLE_MODULES = YES;
				CLANG_ENABLE_OBJC_ARC = YES;
				CLANG_WARN_BOOL_CONVERSION = YES;
				CLANG_WARN_CONSTANT_CONVERSION = YES;
				CLANG_WARN_DIRECT_OBJC_ISA_USAGE = YES_ERROR;
				CLANG_WARN_EMPTY_BODY = YES;
				CLANG_WARN_ENUM_CONVERSION = YES;
				CLANG_WARN_INT_CONVERSION = YES;
				CLANG_WARN_OBJC_ROOT_CLASS = YES_ERROR;
				CLANG_WARN_UNREACHABLE_CODE = YES;
				CLANG_WARN__DUPLICATE_METHOD_MATCH = YES;
				"CODE_SIGN_IDENTITY[sdk=iphoneos*]" = "iPhone Developer";
				COPY_PHASE_STRIP = NO;
				DEBUG_INFORMATION_FORMAT = "dwarf-with-dsym";
				ENABLE_NS_ASSERTIONS = NO;
				ENABLE_STRICT_OBJC_MSGSEND = YES;
				GCC_C_LANGUAGE_STANDARD = gnu99;
				GCC_NO_COMMON_BLOCKS = YES;
				GCC_WARN_64_TO_32_BIT_CONVERSION = YES;
				GCC_WARN_ABOUT_RETURN_TYPE = YES_ERROR;
				GCC_WARN_UNDECLARED_SELECTOR = YES;
				GCC_WARN_UNINITIALIZED_AUTOS = YES_AGGRESSIVE;
				GCC_WARN_UNUSED_FUNCTION = YES;
				GCC_WARN_UNUSED_VARIABLE = YES;
				IPHONEOS_DEPLOYMENT_TARGET = 8.3;
				MTL_ENABLE_DEBUG_INFO = NO;
				SDKROOT = iphoneos;
				TARGETED_DEVICE_FAMILY = "1,2";
				VALIDATE_PRODUCT = YES;
			};
			name = Release;
		};
		81D4A89F1AFBC9FE003E93A5 /* Debug */ = {
			isa = XCBuildConfiguration;
			buildSettings = {
				ASSETCATALOG_COMPILER_APPICON_NAME = AppIcon;
				INFOPLIST_FILE = Roshambo/Info.plist;
				LD_RUNPATH_SEARCH_PATHS = "$(inherited) @executable_path/Frameworks";
				PRODUCT_NAME = "$(TARGET_NAME)";
			};
			name = Debug;
		};
		81D4A8A01AFBC9FE003E93A5 /* Release */ = {
			isa = XCBuildConfiguration;
			buildSettings = {
				ASSETCATALOG_COMPILER_APPICON_NAME = AppIcon;
				INFOPLIST_FILE = Roshambo/Info.plist;
				LD_RUNPATH_SEARCH_PATHS = "$(inherited) @executable_path/Frameworks";
				PRODUCT_NAME = "$(TARGET_NAME)";
			};
			name = Release;
		};
		81D4A8A21AFBC9FE003E93A5 /* Debug */ = {
			isa = XCBuildConfiguration;
			buildSettings = {
				BUNDLE_LOADER = "$(TEST_HOST)";
				FRAMEWORK_SEARCH_PATHS = (
					"$(SDKROOT)/Developer/Library/Frameworks",
					"$(inherited)",
				);
				GCC_PREPROCESSOR_DEFINITIONS = (
					"DEBUG=1",
					"$(inherited)",
				);
				INFOPLIST_FILE = RoshamboTests/Info.plist;
				LD_RUNPATH_SEARCH_PATHS = "$(inherited) @executable_path/Frameworks @loader_path/Frameworks";
				PRODUCT_NAME = "$(TARGET_NAME)";
				TEST_HOST = "$(BUILT_PRODUCTS_DIR)/Roshambo.app/Roshambo";
			};
			name = Debug;
		};
		81D4A8A31AFBC9FE003E93A5 /* Release */ = {
			isa = XCBuildConfiguration;
			buildSettings = {
				BUNDLE_LOADER = "$(TEST_HOST)";
				FRAMEWORK_SEARCH_PATHS = (
					"$(SDKROOT)/Developer/Library/Frameworks",
					"$(inherited)",
				);
				INFOPLIST_FILE = RoshamboTests/Info.plist;
				LD_RUNPATH_SEARCH_PATHS = "$(inherited) @executable_path/Frameworks @loader_path/Frameworks";
				PRODUCT_NAME = "$(TARGET_NAME)";
				TEST_HOST = "$(BUILT_PRODUCTS_DIR)/Roshambo.app/Roshambo";
			};
			name = Release;
		};
/* End XCBuildConfiguration section */

/* Begin XCConfigurationList section */
		81D4A87A1AFBC9FE003E93A5 /* Build configuration list for PBXProject "Roshambo" */ = {
			isa = XCConfigurationList;
			buildConfigurations = (
				81D4A89C1AFBC9FE003E93A5 /* Debug */,
				81D4A89D1AFBC9FE003E93A5 /* Release */,
			);
			defaultConfigurationIsVisible = 0;
			defaultConfigurationName = Release;
		};
		81D4A89E1AFBC9FE003E93A5 /* Build configuration list for PBXNativeTarget "Roshambo" */ = {
			isa = XCConfigurationList;
			buildConfigurations = (
				81D4A89F1AFBC9FE003E93A5 /* Debug */,
				81D4A8A01AFBC9FE003E93A5 /* Release */,
			);
			defaultConfigurationIsVisible = 0;
			defaultConfigurationName = Release;
		};
		81D4A8A11AFBC9FE003E93A5 /* Build configuration list for PBXNativeTarget "RoshamboTests" */ = {
			isa = XCConfigurationList;
			buildConfigurations = (
				81D4A8A21AFBC9FE003E93A5 /* Debug */,
				81D4A8A31AFBC9FE003E93A5 /* Release */,
			);
			defaultConfigurationIsVisible = 0;
			defaultConfigurationName = Release;
		};
/* End XCConfigurationList section */
	};
	rootObject = 81D4A8771AFBC9FE003E93A5 /* Project object */;
}
